// !$*UTF8*$!
{
	archiveVersion = 1;
	classes = {
	};
	objectVersion = 46;
	objects = {

/* Begin PBXBuildFile section */
		180BB6931CCC6FC300DBFBA8 /* main.m in Sources */ = {isa = PBXBuildFile; fileRef = 180BB6921CCC6FC300DBFBA8 /* main.m */; };
		180BB6961CCC6FC300DBFBA8 /* AppDelegate.m in Sources */ = {isa = PBXBuildFile; fileRef = 180BB6951CCC6FC300DBFBA8 /* AppDelegate.m */; };
		180BB69E1CCC6FC300DBFBA8 /* Assets.xcassets in Resources */ = {isa = PBXBuildFile; fileRef = 180BB69D1CCC6FC300DBFBA8 /* Assets.xcassets */; };
		180BB6A11CCC6FC300DBFBA8 /* LaunchScreen.storyboard in Resources */ = {isa = PBXBuildFile; fileRef = 180BB69F1CCC6FC300DBFBA8 /* LaunchScreen.storyboard */; };
		180BB6B11CCC6FE800DBFBA8 /* PSJumpNumberView.m in Sources */ = {isa = PBXBuildFile; fileRef = 180BB6A91CCC6FE800DBFBA8 /* PSJumpNumberView.m */; settings = {ASSET_TAGS = (); }; };
		180BB6B21CCC6FE800DBFBA8 /* PSProgessView.m in Sources */ = {isa = PBXBuildFile; fileRef = 180BB6AB1CCC6FE800DBFBA8 /* PSProgessView.m */; settings = {ASSET_TAGS = (); }; };
		180BB6B31CCC6FE800DBFBA8 /* PSJumpNumberLayer.m in Sources */ = {isa = PBXBuildFile; fileRef = 180BB6AD1CCC6FE800DBFBA8 /* PSJumpNumberLayer.m */; settings = {ASSET_TAGS = (); }; };
		180BB6B41CCC6FE800DBFBA8 /* PSBezierCurve.m in Sources */ = {isa = PBXBuildFile; fileRef = 180BB6AF1CCC6FE800DBFBA8 /* PSBezierCurve.m */; settings = {ASSET_TAGS = (); }; };
		180BB6B81CCC705800DBFBA8 /* PSTestViewController.m in Sources */ = {isa = PBXBuildFile; fileRef = 180BB6B61CCC705800DBFBA8 /* PSTestViewController.m */; settings = {ASSET_TAGS = (); }; };
		180BB6B91CCC705800DBFBA8 /* PSTestViewController.xib in Resources */ = {isa = PBXBuildFile; fileRef = 180BB6B71CCC705800DBFBA8 /* PSTestViewController.xib */; settings = {ASSET_TAGS = (); }; };
/* End PBXBuildFile section */

/* Begin PBXFileReference section */
		180BB68E1CCC6FC300DBFBA8 /* NumberJumpDemo.app */ = {isa = PBXFileReference; explicitFileType = wrapper.application; includeInIndex = 0; path = NumberJumpDemo.app; sourceTree = BUILT_PRODUCTS_DIR; };
		180BB6921CCC6FC300DBFBA8 /* main.m */ = {isa = PBXFileReference; lastKnownFileType = sourcecode.c.objc; path = main.m; sourceTree = "<group>"; };
		180BB6941CCC6FC300DBFBA8 /* AppDelegate.h */ = {isa = PBXFileReference; lastKnownFileType = sourcecode.c.h; path = AppDelegate.h; sourceTree = "<group>"; };
		180BB6951CCC6FC300DBFBA8 /* AppDelegate.m */ = {isa = PBXFileReference; lastKnownFileType = sourcecode.c.objc; path = AppDelegate.m; sourceTree = "<group>"; };
		180BB69D1CCC6FC300DBFBA8 /* Assets.xcassets */ = {isa = PBXFileReference; lastKnownFileType = folder.assetcatalog; path = Assets.xcassets; sourceTree = "<group>"; };
		180BB6A01CCC6FC300DBFBA8 /* Base */ = {isa = PBXFileReference; lastKnownFileType = file.storyboard; name = Base; path = Base.lproj/LaunchScreen.storyboard; sourceTree = "<group>"; };
		180BB6A21CCC6FC300DBFBA8 /* Info.plist */ = {isa = PBXFileReference; lastKnownFileType = text.plist.xml; path = Info.plist; sourceTree = "<group>"; };
		180BB6A81CCC6FE800DBFBA8 /* PSJumpNumberView.h */ = {isa = PBXFileReference; fileEncoding = 4; lastKnownFileType = sourcecode.c.h; path = PSJumpNumberView.h; sourceTree = "<group>"; };
		180BB6A91CCC6FE800DBFBA8 /* PSJumpNumberView.m */ = {isa = PBXFileReference; fileEncoding = 4; lastKnownFileType = sourcecode.c.objc; path = PSJumpNumberView.m; sourceTree = "<group>"; };
		180BB6AA1CCC6FE800DBFBA8 /* PSProgessView.h */ = {isa = PBXFileReference; fileEncoding = 4; lastKnownFileType = sourcecode.c.h; path = PSProgessView.h; sourceTree = "<group>"; };
		180BB6AB1CCC6FE800DBFBA8 /* PSProgessView.m */ = {isa = PBXFileReference; fileEncoding = 4; lastKnownFileType = sourcecode.c.objc; path = PSProgessView.m; sourceTree = "<group>"; };
		180BB6AC1CCC6FE800DBFBA8 /* PSJumpNumberLayer.h */ = {isa = PBXFileReference; fileEncoding = 4; lastKnownFileType = sourcecode.c.h; path = PSJumpNumberLayer.h; sourceTree = "<group>"; };
		180BB6AD1CCC6FE800DBFBA8 /* PSJumpNumberLayer.m */ = {isa = PBXFileReference; fileEncoding = 4; lastKnownFileType = sourcecode.c.objc; path = PSJumpNumberLayer.m; sourceTree = "<group>"; };
		180BB6AE1CCC6FE800DBFBA8 /* PSBezierCurve.h */ = {isa = PBXFileReference; fileEncoding = 4; lastKnownFileType = sourcecode.c.h; path = PSBezierCurve.h; sourceTree = "<group>"; };
		180BB6AF1CCC6FE800DBFBA8 /* PSBezierCurve.m */ = {isa = PBXFileReference; fileEncoding = 4; lastKnownFileType = sourcecode.c.objc; path = PSBezierCurve.m; sourceTree = "<group>"; };
		180BB6B51CCC705800DBFBA8 /* PSTestViewController.h */ = {isa = PBXFileReference; fileEncoding = 4; lastKnownFileType = sourcecode.c.h; path = PSTestViewController.h; sourceTree = "<group>"; };
		180BB6B61CCC705800DBFBA8 /* PSTestViewController.m */ = {isa = PBXFileReference; fileEncoding = 4; lastKnownFileType = sourcecode.c.objc; path = PSTestViewController.m; sourceTree = "<group>"; };
		180BB6B71CCC705800DBFBA8 /* PSTestViewController.xib */ = {isa = PBXFileReference; fileEncoding = 4; lastKnownFileType = file.xib; path = PSTestViewController.xib; sourceTree = "<group>"; };
/* End PBXFileReference section */

/* Begin PBXFrameworksBuildPhase section */
		180BB68B1CCC6FC300DBFBA8 /* Frameworks */ = {
			isa = PBXFrameworksBuildPhase;
			buildActionMask = 2147483647;
			files = (
			);
			runOnlyForDeploymentPostprocessing = 0;
		};
/* End PBXFrameworksBuildPhase section */

/* Begin PBXGroup section */
		180BB6851CCC6FC300DBFBA8 = {
			isa = PBXGroup;
			children = (
				180BB6901CCC6FC300DBFBA8 /* NumberJumpDemo */,
				180BB68F1CCC6FC300DBFBA8 /* Products */,
			);
			sourceTree = "<group>";
		};
		180BB68F1CCC6FC300DBFBA8 /* Products */ = {
			isa = PBXGroup;
			children = (
				180BB68E1CCC6FC300DBFBA8 /* NumberJumpDemo.app */,
			);
			name = Products;
			sourceTree = "<group>";
		};
		180BB6901CCC6FC300DBFBA8 /* NumberJumpDemo */ = {
			isa = PBXGroup;
			children = (
				180BB6B01CCC6FE800DBFBA8 /* PSNumberJump */,
				180BB6B51CCC705800DBFBA8 /* PSTestViewController.h */,
				180BB6B61CCC705800DBFBA8 /* PSTestViewController.m */,
				180BB6B71CCC705800DBFBA8 /* PSTestViewController.xib */,
				180BB6941CCC6FC300DBFBA8 /* AppDelegate.h */,
				180BB6951CCC6FC300DBFBA8 /* AppDelegate.m */,
				180BB69D1CCC6FC300DBFBA8 /* Assets.xcassets */,
				180BB69F1CCC6FC300DBFBA8 /* LaunchScreen.storyboard */,
				180BB6A21CCC6FC300DBFBA8 /* Info.plist */,
				180BB6911CCC6FC300DBFBA8 /* Supporting Files */,
			);
			path = NumberJumpDemo;
			sourceTree = "<group>";
		};
		180BB6911CCC6FC300DBFBA8 /* Supporting Files */ = {
			isa = PBXGroup;
			children = (
				180BB6921CCC6FC300DBFBA8 /* main.m */,
			);
			name = "Supporting Files";
			sourceTree = "<group>";
		};
		180BB6B01CCC6FE800DBFBA8 /* PSNumberJump */ = {
			isa = PBXGroup;
			children = (
				180BB6A81CCC6FE800DBFBA8 /* PSJumpNumberView.h */,
				180BB6A91CCC6FE800DBFBA8 /* PSJumpNumberView.m */,
				180BB6AA1CCC6FE800DBFBA8 /* PSProgessView.h */,
				180BB6AB1CCC6FE800DBFBA8 /* PSProgessView.m */,
				180BB6AC1CCC6FE800DBFBA8 /* PSJumpNumberLayer.h */,
				180BB6AD1CCC6FE800DBFBA8 /* PSJumpNumberLayer.m */,
				180BB6AE1CCC6FE800DBFBA8 /* PSBezierCurve.h */,
				180BB6AF1CCC6FE800DBFBA8 /* PSBezierCurve.m */,
			);
			name = PSNumberJump;
			path = ../../../Documents/NumberJumpDemo/BZNumberJumpDemo/NJDNumberJump;
			sourceTree = "<group>";
		};
/* End PBXGroup section */

/* Begin PBXNativeTarget section */
		180BB68D1CCC6FC300DBFBA8 /* NumberJumpDemo */ = {
			isa = PBXNativeTarget;
			buildConfigurationList = 180BB6A51CCC6FC300DBFBA8 /* Build configuration list for PBXNativeTarget "NumberJumpDemo" */;
			buildPhases = (
				180BB68A1CCC6FC300DBFBA8 /* Sources */,
				180BB68B1CCC6FC300DBFBA8 /* Frameworks */,
				180BB68C1CCC6FC300DBFBA8 /* Resources */,
			);
			buildRules = (
			);
			dependencies = (
			);
			name = NumberJumpDemo;
			productName = NumberJumpDemo;
			productReference = 180BB68E1CCC6FC300DBFBA8 /* NumberJumpDemo.app */;
			productType = "com.apple.product-type.application";
		};
/* End PBXNativeTarget section */

/* Begin PBXProject section */
		180BB6861CCC6FC300DBFBA8 /* Project object */ = {
			isa = PBXProject;
			attributes = {
				LastUpgradeCheck = 0700;
				ORGANIZATIONNAME = PS;
				TargetAttributes = {
					180BB68D1CCC6FC300DBFBA8 = {
						CreatedOnToolsVersion = 7.0.1;
					};
				};
			};
			buildConfigurationList = 180BB6891CCC6FC300DBFBA8 /* Build configuration list for PBXProject "NumberJumpDemo" */;
			compatibilityVersion = "Xcode 3.2";
			developmentRegion = English;
			hasScannedForEncodings = 0;
			knownRegions = (
				en,
				Base,
			);
			mainGroup = 180BB6851CCC6FC300DBFBA8;
			productRefGroup = 180BB68F1CCC6FC300DBFBA8 /* Products */;
			projectDirPath = "";
			projectRoot = "";
			targets = (
				180BB68D1CCC6FC300DBFBA8 /* NumberJumpDemo */,
			);
		};
/* End PBXProject section */

/* Begin PBXResourcesBuildPhase section */
		180BB68C1CCC6FC300DBFBA8 /* Resources */ = {
			isa = PBXResourcesBuildPhase;
			buildActionMask = 2147483647;
			files = (
				180BB6B91CCC705800DBFBA8 /* PSTestViewController.xib in Resources */,
				180BB6A11CCC6FC300DBFBA8 /* LaunchScreen.storyboard in Resources */,
				180BB69E1CCC6FC300DBFBA8 /* Assets.xcassets in Resources */,
			);
			runOnlyForDeploymentPostprocessing = 0;
		};
/* End PBXResourcesBuildPhase section */

/* Begin PBXSourcesBuildPhase section */
		180BB68A1CCC6FC300DBFBA8 /* Sources */ = {
			isa = PBXSourcesBuildPhase;
			buildActionMask = 2147483647;
			files = (
				180BB6B81CCC705800DBFBA8 /* PSTestViewController.m in Sources */,
				180BB6B11CCC6FE800DBFBA8 /* PSJumpNumberView.m in Sources */,
				180BB6B21CCC6FE800DBFBA8 /* PSProgessView.m in Sources */,
				180BB6B41CCC6FE800DBFBA8 /* PSBezierCurve.m in Sources */,
				180BB6961CCC6FC300DBFBA8 /* AppDelegate.m in Sources */,
				180BB6931CCC6FC300DBFBA8 /* main.m in Sources */,
				180BB6B31CCC6FE800DBFBA8 /* PSJumpNumberLayer.m in Sources */,
			);
			runOnlyForDeploymentPostprocessing = 0;
		};
/* End PBXSourcesBuildPhase section */

/* Begin PBXVariantGroup section */
		180BB69F1CCC6FC300DBFBA8 /* LaunchScreen.storyboard */ = {
			isa = PBXVariantGroup;
			children = (
				180BB6A01CCC6FC300DBFBA8 /* Base */,
			);
			name = LaunchScreen.storyboard;
			sourceTree = "<group>";
		};
/* End PBXVariantGroup section */

/* Begin XCBuildConfiguration section */
		180BB6A31CCC6FC300DBFBA8 /* Debug */ = {
			isa = XCBuildConfiguration;
			buildSettings = {
				ALWAYS_SEARCH_USER_PATHS = NO;
				CLANG_CXX_LANGUAGE_STANDARD = "gnu++0x";
				CLANG_CXX_LIBRARY = "libc++";
				CLANG_ENABLE_MODULES = YES;
				CLANG_ENABLE_OBJC_ARC = YES;
				CLANG_WARN_BOOL_CONVERSION = YES;
				CLANG_WARN_CONSTANT_CONVERSION = YES;
				CLANG_WARN_DIRECT_OBJC_ISA_USAGE = YES_ERROR;
				CLANG_WARN_EMPTY_BODY = YES;
				CLANG_WARN_ENUM_CONVERSION = YES;
				CLANG_WARN_INT_CONVERSION = YES;
				CLANG_WARN_OBJC_ROOT_CLASS = YES_ERROR;
				CLANG_WARN_UNREACHABLE_CODE = YES;
				CLANG_WARN__DUPLICATE_METHOD_MATCH = YES;
				"CODE_SIGN_IDENTITY[sdk=iphoneos*]" = "iPhone Developer";
				COPY_PHASE_STRIP = NO;
				DEBUG_INFORMATION_FORMAT = dwarf;
				ENABLE_STRICT_OBJC_MSGSEND = YES;
				ENABLE_TESTABILITY = YES;
				GCC_C_LANGUAGE_STANDARD = gnu99;
				GCC_DYNAMIC_NO_PIC = NO;
				GCC_NO_COMMON_BLOCKS = YES;
				GCC_OPTIMIZATION_LEVEL = 0;
				GCC_PREPROCESSOR_DEFINITIONS = (
					"DEBUG=1",
					"$(inherited)",
				);
				GCC_WARN_64_TO_32_BIT_CONVERSION = YES;
				GCC_WARN_ABOUT_RETURN_TYPE = YES_ERROR;
				GCC_WARN_UNDECLARED_SELECTOR = YES;
				GCC_WARN_UNINITIALIZED_AUTOS = YES_AGGRESSIVE;
				GCC_WARN_UNUSED_FUNCTION = YES;
				GCC_WARN_UNUSED_VARIABLE = YES;
				IPHONEOS_DEPLOYMENT_TARGET = 9.0;
				MTL_ENABLE_DEBUG_INFO = YES;
				ONLY_ACTIVE_ARCH = YES;
				SDKROOT = iphoneos;
			};
			name = Debug;
		};
		180BB6A41CCC6FC300DBFBA8 /* Release */ = {
			isa = XCBuildConfiguration;
			buildSettings = {
				ALWAYS_SEARCH_USER_PATHS = NO;
				CLANG_CXX_LANGUAGE_STANDARD = "gnu++0x";
				CLANG_CXX_LIBRARY = "libc++";
				CLANG_ENABLE_MODULES = YES;
				CLANG_ENABLE_OBJC_ARC = YES;
				CLANG_WARN_BOOL_CONVERSION = YES;
				CLANG_WARN_CONSTANT_CONVERSION = YES;
				CLANG_WARN_DIRECT_OBJC_ISA_USAGE = YES_ERROR;
				CLANG_WARN_EMPTY_BODY = YES;
				CLANG_WARN_ENUM_CONVERSION = YES;
				CLANG_WARN_INT_CONVERSION = YES;
				CLANG_WARN_OBJC_ROOT_CLASS = YES_ERROR;
				CLANG_WARN_UNREACHABLE_CODE = YES;
				CLANG_WARN__DUPLICATE_METHOD_MATCH = YES;
				"CODE_SIGN_IDENTITY[sdk=iphoneos*]" = "iPhone Developer";
				COPY_PHASE_STRIP = NO;
				DEBUG_INFORMATION_FORMAT = "dwarf-with-dsym";
				ENABLE_NS_ASSERTIONS = NO;
				ENABLE_STRICT_OBJC_MSGSEND = YES;
				GCC_C_LANGUAGE_STANDARD = gnu99;
				GCC_NO_COMMON_BLOCKS = YES;
				GCC_WARN_64_TO_32_BIT_CONVERSION = YES;
				GCC_WARN_ABOUT_RETURN_TYPE = YES_ERROR;
				GCC_WARN_UNDECLARED_SELECTOR = YES;
				GCC_WARN_UNINITIALIZED_AUTOS = YES_AGGRESSIVE;
				GCC_WARN_UNUSED_FUNCTION = YES;
				GCC_WARN_UNUSED_VARIABLE = YES;
				IPHONEOS_DEPLOYMENT_TARGET = 9.0;
				MTL_ENABLE_DEBUG_INFO = NO;
				SDKROOT = iphoneos;
				VALIDATE_PRODUCT = YES;
			};
			name = Release;
		};
		180BB6A61CCC6FC300DBFBA8 /* Debug */ = {
			isa = XCBuildConfiguration;
			buildSettings = {
				ASSETCATALOG_COMPILER_APPICON_NAME = AppIcon;
				INFOPLIST_FILE = NumberJumpDemo/Info.plist;
				LD_RUNPATH_SEARCH_PATHS = "$(inherited) @executable_path/Frameworks";
				PRODUCT_BUNDLE_IDENTIFIER = com.niuduz.NumberJumpDemo;
				PRODUCT_NAME = "$(TARGET_NAME)";
			};
			name = Debug;
		};
		180BB6A71CCC6FC300DBFBA8 /* Release */ = {
			isa = XCBuildConfiguration;
			buildSettings = {
				ASSETCATALOG_COMPILER_APPICON_NAME = AppIcon;
				INFOPLIST_FILE = NumberJumpDemo/Info.plist;
				LD_RUNPATH_SEARCH_PATHS = "$(inherited) @executable_path/Frameworks";
				PRODUCT_BUNDLE_IDENTIFIER = com.niuduz.NumberJumpDemo;
				PRODUCT_NAME = "$(TARGET_NAME)";
			};
			name = Release;
		};
/* End XCBuildConfiguration section */

/* Begin XCConfigurationList section */
		180BB6891CCC6FC300DBFBA8 /* Build configuration list for PBXProject "NumberJumpDemo" */ = {
			isa = XCConfigurationList;
			buildConfigurations = (
				180BB6A31CCC6FC300DBFBA8 /* Debug */,
				180BB6A41CCC6FC300DBFBA8 /* Release */,
			);
			defaultConfigurationIsVisible = 0;
			defaultConfigurationName = Release;
		};
		180BB6A51CCC6FC300DBFBA8 /* Build configuration list for PBXNativeTarget "NumberJumpDemo" */ = {
			isa = XCConfigurationList;
			buildConfigurations = (
				180BB6A61CCC6FC300DBFBA8 /* Debug */,
				180BB6A71CCC6FC300DBFBA8 /* Release */,
			);
			defaultConfigurationIsVisible = 0;
		};
/* End XCConfigurationList section */
	};
	rootObject = 180BB6861CCC6FC300DBFBA8 /* Project object */;
}
